SITE
  remote: http://community.opscode.com/api/v1
  specs:
    apache2 (1.7.0)
    apt (2.6.0)
    build-essential (2.0.6)
    chef-client (3.8.0)
      cron (>= 1.2.0)
      logrotate (>= 1.2.0)
      windows (~> 1.11)
    chef-sugar (2.2.0)
    chef_handler (1.1.6)
    composer (0.0.5)
      php (>= 0.0.0)
    cron (1.5.0)
    dmg (2.2.0)
    git (2.6.0)
      build-essential (>= 0.0.0)
      dmg (>= 0.0.0)
      runit (>= 1.0.0)
      windows (>= 0.0.0)
      yum (>= 0.0.0)
    java (1.22.0)
    logrotate (1.7.0)
    mysql (3.0.4)
      build-essential (> 1.1.0)
      openssl (>= 0.0.0)
    newrelic (0.5.3)
    nodejs (1.3.0)
      apt (>= 0.0.0)
      build-essential (>= 0.0.0)
      yum (>= 0.0.0)
    openssl (2.0.0)
      chef-sugar (>= 0.0.0)
    php (1.1.8)
      build-essential (>= 0.0.0)
      mysql (>= 0.0.0)
      xml (>= 0.0.0)
    runit (1.5.10)
      build-essential (>= 0.0.0)
      yum (~> 3.0)
      yum-epel (>= 0.0.0)
    windows (1.34.2)
      chef_handler (>= 0.0.0)
    xml (1.2.6)
      build-essential (>= 0.0.0)
      chef-sugar (>= 0.0.0)
    yum (3.3.2)
    yum-epel (0.5.1)
      yum (~> 3.0)

GIT
  remote: https://github.com/inviqa/chef-php-extra
  ref: master
  sha: 8c8cbf4ea4e4313e1bf336a8a7ea3775c1cbe84d
  specs:
    chef-php-extra (0.4.1)
      apt (>= 1.8.4)
      git (>= 1.0.0)
      php (= 1.1.8)
      yum (>= 0.8.0)

DEPENDENCIES
  apache2 (= 1.7.0)
  chef-client (>= 0)
  chef-php-extra (>= 0)
  composer (= 0.0.5)
  git (= 2.6.0)
  java (= 1.22.0)
  mysql (= 3.0.4)
  newrelic (= 0.5.3)
  nodejs (= 1.3.0)
  php (= 1.1.8)

